
Microsoft Visual Studio Solution File, Format Version 12.00
# Visual Studio 15
VisualStudioVersion = 15.0.27130.2027
MinimumVisualStudioVersion = 10.0.40219.1
Project("{FAE04EC0-301F-11D3-BF4B-00C04F79EFBC}") = "SNTP_server", "SNTP_server.csproj", "{A07ACDD6-D176-4BB3-B8C9-9BC92E799923}"
EndProject
Global
	GlobalSection(SolutionConfigurationPlatforms) = preSolution
		Debug|Any CPU = Debug|Any CPU
		Release|Any CPU = Release|Any CPU
	EndGlobalSection
	GlobalSection(ProjectConfigurationPlatforms) = postSolution
		{A07ACDD6-D176-4BB3-B8C9-9BC92E799923}.Debug|Any CPU.ActiveCfg = Debug|Any CPU
		{A07ACDD6-D176-4BB3-B8C9-9BC92E799923}.Debug|Any CPU.Build.0 = Debug|Any CPU
		{A07ACDD6-D176-4BB3-B8C9-9BC92E799923}.Release|Any CPU.ActiveCfg = Release|Any CPU
		{A07ACDD6-D176-4BB3-B8C9-9BC92E799923}.Release|Any CPU.Build.0 = Release|Any CPU
	EndGlobalSection
	GlobalSection(SolutionProperties) = preSolution
		HideSolutionNode = FALSE
	EndGlobalSection
	GlobalSection(ExtensibilityGlobals) = postSolution
		SolutionGuid = {A882A6B7-FDC5-404A-AD35-B9F4728F1C5E}
	EndGlobalSection
EndGlobal
